
Microsoft Visual Studio Solution File, Format Version 12.00
# Visual Studio 15
VisualStudioVersion = 15.0.27428.2015
MinimumVisualStudioVersion = 10.0.40219.1
Project("{FAE04EC0-301F-11D3-BF4B-00C04F79EFBC}") = "Game3", "Game3\Game3.csproj", "{BC6E6087-611D-4C30-836F-8A283BAEACA7}"
EndProject
Global
	GlobalSection(SolutionConfigurationPlatforms) = preSolution
		Debug|Any CPU = Debug|Any CPU
		Release|Any CPU = Release|Any CPU
	EndGlobalSection
	GlobalSection(ProjectConfigurationPlatforms) = postSolution
		{BC6E6087-611D-4C30-836F-8A283BAEACA7}.Debug|Any CPU.ActiveCfg = Debug|Any CPU
		{BC6E6087-611D-4C30-836F-8A283BAEACA7}.Debug|Any CPU.Build.0 = Debug|Any CPU
		{BC6E6087-611D-4C30-836F-8A283BAEACA7}.Debug|Any CPU.Deploy.0 = Debug|Any CPU
		{BC6E6087-611D-4C30-836F-8A283BAEACA7}.Release|Any CPU.ActiveCfg = Release|Any CPU
		{BC6E6087-611D-4C30-836F-8A283BAEACA7}.Release|Any CPU.Build.0 = Release|Any CPU
		{BC6E6087-611D-4C30-836F-8A283BAEACA7}.Release|Any CPU.Deploy.0 = Release|Any CPU
	EndGlobalSection
	GlobalSection(SolutionProperties) = preSolution
		HideSolutionNode = FALSE
	EndGlobalSection
	GlobalSection(ExtensibilityGlobals) = postSolution
		SolutionGuid = {E3413AC1-BB23-4F3D-94C4-00952279082F}
	EndGlobalSection
EndGlobal
